
Microsoft Visual Studio Solution File, Format Version 12.00
# Visual Studio 15
VisualStudioVersion = 15.0.26124.0
MinimumVisualStudioVersion = 15.0.26124.0
Project("{2150E333-8FDC-42A3-9474-1A3956D46DE8}") = "src", "src", "{D847B27B-0332-4D02-B278-634316C0C336}"
EndProject
Project("{FAE04EC0-301F-11D3-BF4B-00C04F79EFBC}") = "Debugger", "src\Debugger\Debugger.csproj", "{8AB26D0D-C70B-4B3C-9992-2E1D06D8E15E}"
EndProject
Project("{FAE04EC0-301F-11D3-BF4B-00C04F79EFBC}") = "Redbox.Serilog.Stackdriver", "src\Redbox.Serilog.Stackdriver\Redbox.Serilog.Stackdriver.csproj", "{8A7D3706-F5B4-4BDC-BE8E-156EC4EA9795}"
EndProject
Project("{FAE04EC0-301F-11D3-BF4B-00C04F79EFBC}") = "Redbox.Serilog.Stackdriver.Tests", "src\Redbox.Serilog.Stackdriver.Tests\Redbox.Serilog.Stackdriver.Tests.csproj", "{A40DA383-9EDB-4159-A419-AC7B6CB0EDFF}"
EndProject
Global
	GlobalSection(SolutionConfigurationPlatforms) = preSolution
		Debug|Any CPU = Debug|Any CPU
		Debug|x64 = Debug|x64
		Debug|x86 = Debug|x86
		Release|Any CPU = Release|Any CPU
		Release|x64 = Release|x64
		Release|x86 = Release|x86
	EndGlobalSection
	GlobalSection(SolutionProperties) = preSolution
		HideSolutionNode = FALSE
	EndGlobalSection
	GlobalSection(ProjectConfigurationPlatforms) = postSolution
		{8AB26D0D-C70B-4B3C-9992-2E1D06D8E15E}.Debug|Any CPU.ActiveCfg = Debug|Any CPU
		{8AB26D0D-C70B-4B3C-9992-2E1D06D8E15E}.Debug|Any CPU.Build.0 = Debug|Any CPU
		{8AB26D0D-C70B-4B3C-9992-2E1D06D8E15E}.Debug|x64.ActiveCfg = Debug|Any CPU
		{8AB26D0D-C70B-4B3C-9992-2E1D06D8E15E}.Debug|x64.Build.0 = Debug|Any CPU
		{8AB26D0D-C70B-4B3C-9992-2E1D06D8E15E}.Debug|x86.ActiveCfg = Debug|Any CPU
		{8AB26D0D-C70B-4B3C-9992-2E1D06D8E15E}.Debug|x86.Build.0 = Debug|Any CPU
		{8AB26D0D-C70B-4B3C-9992-2E1D06D8E15E}.Release|Any CPU.ActiveCfg = Release|Any CPU
		{8AB26D0D-C70B-4B3C-9992-2E1D06D8E15E}.Release|Any CPU.Build.0 = Release|Any CPU
		{8AB26D0D-C70B-4B3C-9992-2E1D06D8E15E}.Release|x64.ActiveCfg = Release|Any CPU
		{8AB26D0D-C70B-4B3C-9992-2E1D06D8E15E}.Release|x64.Build.0 = Release|Any CPU
		{8AB26D0D-C70B-4B3C-9992-2E1D06D8E15E}.Release|x86.ActiveCfg = Release|Any CPU
		{8AB26D0D-C70B-4B3C-9992-2E1D06D8E15E}.Release|x86.Build.0 = Release|Any CPU
		{8A7D3706-F5B4-4BDC-BE8E-156EC4EA9795}.Debug|Any CPU.ActiveCfg = Debug|Any CPU
		{8A7D3706-F5B4-4BDC-BE8E-156EC4EA9795}.Debug|Any CPU.Build.0 = Debug|Any CPU
		{8A7D3706-F5B4-4BDC-BE8E-156EC4EA9795}.Debug|x64.ActiveCfg = Debug|Any CPU
		{8A7D3706-F5B4-4BDC-BE8E-156EC4EA9795}.Debug|x64.Build.0 = Debug|Any CPU
		{8A7D3706-F5B4-4BDC-BE8E-156EC4EA9795}.Debug|x86.ActiveCfg = Debug|Any CPU
		{8A7D3706-F5B4-4BDC-BE8E-156EC4EA9795}.Debug|x86.Build.0 = Debug|Any CPU
		{8A7D3706-F5B4-4BDC-BE8E-156EC4EA9795}.Release|Any CPU.ActiveCfg = Release|Any CPU
		{8A7D3706-F5B4-4BDC-BE8E-156EC4EA9795}.Release|Any CPU.Build.0 = Release|Any CPU
		{8A7D3706-F5B4-4BDC-BE8E-156EC4EA9795}.Release|x64.ActiveCfg = Release|Any CPU
		{8A7D3706-F5B4-4BDC-BE8E-156EC4EA9795}.Release|x64.Build.0 = Release|Any CPU
		{8A7D3706-F5B4-4BDC-BE8E-156EC4EA9795}.Release|x86.ActiveCfg = Release|Any CPU
		{8A7D3706-F5B4-4BDC-BE8E-156EC4EA9795}.Release|x86.Build.0 = Release|Any CPU
		{A40DA383-9EDB-4159-A419-AC7B6CB0EDFF}.Debug|Any CPU.ActiveCfg = Debug|Any CPU
		{A40DA383-9EDB-4159-A419-AC7B6CB0EDFF}.Debug|Any CPU.Build.0 = Debug|Any CPU
		{A40DA383-9EDB-4159-A419-AC7B6CB0EDFF}.Debug|x64.ActiveCfg = Debug|Any CPU
		{A40DA383-9EDB-4159-A419-AC7B6CB0EDFF}.Debug|x64.Build.0 = Debug|Any CPU
		{A40DA383-9EDB-4159-A419-AC7B6CB0EDFF}.Debug|x86.ActiveCfg = Debug|Any CPU
		{A40DA383-9EDB-4159-A419-AC7B6CB0EDFF}.Debug|x86.Build.0 = Debug|Any CPU
		{A40DA383-9EDB-4159-A419-AC7B6CB0EDFF}.Release|Any CPU.ActiveCfg = Release|Any CPU
		{A40DA383-9EDB-4159-A419-AC7B6CB0EDFF}.Release|Any CPU.Build.0 = Release|Any CPU
		{A40DA383-9EDB-4159-A419-AC7B6CB0EDFF}.Release|x64.ActiveCfg = Release|Any CPU
		{A40DA383-9EDB-4159-A419-AC7B6CB0EDFF}.Release|x64.Build.0 = Release|Any CPU
		{A40DA383-9EDB-4159-A419-AC7B6CB0EDFF}.Release|x86.ActiveCfg = Release|Any CPU
		{A40DA383-9EDB-4159-A419-AC7B6CB0EDFF}.Release|x86.Build.0 = Release|Any CPU
	EndGlobalSection
	GlobalSection(NestedProjects) = preSolution
		{8AB26D0D-C70B-4B3C-9992-2E1D06D8E15E} = {D847B27B-0332-4D02-B278-634316C0C336}
		{8A7D3706-F5B4-4BDC-BE8E-156EC4EA9795} = {D847B27B-0332-4D02-B278-634316C0C336}
		{A40DA383-9EDB-4159-A419-AC7B6CB0EDFF} = {D847B27B-0332-4D02-B278-634316C0C336}
	EndGlobalSection
EndGlobal
